{
  "object": {
    "pins": [
      {
        "package": "Alamofire",
        "repositoryURL": "https://github.com/Alamofire/Alamofire.git",
        "state": {
          "branch": null,
          "revision": "f82c23a8a7ef8dc1a49a8bfc6a96883e79121864",
          "version": "5.5.0"
        }
      },
      {
        "package": "KakaoOpenSDK",
        "repositoryURL": "https://github.com/kakao/kakao-ios-sdk",
        "state": {
          "branch": "master",
          "revision": "a9f7c3b282a5af9fd40f8e29c5d29d4facfd9efb",
          "version": null
        }
      }
    ]
  },
  "version": 1
}
